
Microsoft Visual Studio Solution File, Format Version 12.00
# Visual Studio Version 16
VisualStudioVersion = 16.0.29503.13
MinimumVisualStudioVersion = 10.0.40219.1
Project("{FAE04EC0-301F-11D3-BF4B-00C04F79EFBC}") = "DE_Comp", "DE_Comp.csproj", "{BAF3B914-FA5F-4947-8458-D1F2A8C67677}"
EndProject
Global
	GlobalSection(SolutionConfigurationPlatforms) = preSolution
		Debug|Any CPU = Debug|Any CPU
		Release|Any CPU = Release|Any CPU
	EndGlobalSection
	GlobalSection(ProjectConfigurationPlatforms) = postSolution
		{BAF3B914-FA5F-4947-8458-D1F2A8C67677}.Debug|Any CPU.ActiveCfg = Debug|Any CPU
		{BAF3B914-FA5F-4947-8458-D1F2A8C67677}.Debug|Any CPU.Build.0 = Debug|Any CPU
		{BAF3B914-FA5F-4947-8458-D1F2A8C67677}.Release|Any CPU.ActiveCfg = Release|Any CPU
		{BAF3B914-FA5F-4947-8458-D1F2A8C67677}.Release|Any CPU.Build.0 = Release|Any CPU
	EndGlobalSection
	GlobalSection(SolutionProperties) = preSolution
		HideSolutionNode = FALSE
	EndGlobalSection
	GlobalSection(ExtensibilityGlobals) = postSolution
		SolutionGuid = {69437837-E67E-4C89-BDFC-E0178A988836}
	EndGlobalSection
EndGlobal
